
Microsoft Visual Studio Solution File, Format Version 12.00
# Visual Studio 14
VisualStudioVersion = 14.0.23107.0
MinimumVisualStudioVersion = 10.0.40219.1
Project("{FAE04EC0-301F-11D3-BF4B-00C04F79EFBC}") = "ConApp_XmlDemos", "ConApp_XmlDemos\ConApp_XmlDemos.csproj", "{1AD189C9-55BF-4143-955B-F532D1BF6687}"
EndProject
Project("{FAE04EC0-301F-11D3-BF4B-00C04F79EFBC}") = "AdoTransaction_WpfDemo", "AdoTransaction_WpfDemo\AdoTransaction_WpfDemo.csproj", "{9B4BC166-7E92-48D4-8A7F-80C91900AD44}"
EndProject
Project("{FAE04EC0-301F-11D3-BF4B-00C04F79EFBC}") = "Ado_DiscArch_Demo", "Ado_DiscArch_Demo\Ado_DiscArch_Demo.csproj", "{1FA61FE3-033C-4ED9-83F7-D5943A45B67D}"
EndProject
Global
	GlobalSection(SolutionConfigurationPlatforms) = preSolution
		Debug|Any CPU = Debug|Any CPU
		Release|Any CPU = Release|Any CPU
	EndGlobalSection
	GlobalSection(ProjectConfigurationPlatforms) = postSolution
		{1AD189C9-55BF-4143-955B-F532D1BF6687}.Debug|Any CPU.ActiveCfg = Debug|Any CPU
		{1AD189C9-55BF-4143-955B-F532D1BF6687}.Debug|Any CPU.Build.0 = Debug|Any CPU
		{1AD189C9-55BF-4143-955B-F532D1BF6687}.Release|Any CPU.ActiveCfg = Release|Any CPU
		{1AD189C9-55BF-4143-955B-F532D1BF6687}.Release|Any CPU.Build.0 = Release|Any CPU
		{9B4BC166-7E92-48D4-8A7F-80C91900AD44}.Debug|Any CPU.ActiveCfg = Debug|Any CPU
		{9B4BC166-7E92-48D4-8A7F-80C91900AD44}.Debug|Any CPU.Build.0 = Debug|Any CPU
		{9B4BC166-7E92-48D4-8A7F-80C91900AD44}.Release|Any CPU.ActiveCfg = Release|Any CPU
		{9B4BC166-7E92-48D4-8A7F-80C91900AD44}.Release|Any CPU.Build.0 = Release|Any CPU
		{1FA61FE3-033C-4ED9-83F7-D5943A45B67D}.Debug|Any CPU.ActiveCfg = Debug|Any CPU
		{1FA61FE3-033C-4ED9-83F7-D5943A45B67D}.Debug|Any CPU.Build.0 = Debug|Any CPU
		{1FA61FE3-033C-4ED9-83F7-D5943A45B67D}.Release|Any CPU.ActiveCfg = Release|Any CPU
		{1FA61FE3-033C-4ED9-83F7-D5943A45B67D}.Release|Any CPU.Build.0 = Release|Any CPU
	EndGlobalSection
	GlobalSection(SolutionProperties) = preSolution
		HideSolutionNode = FALSE
	EndGlobalSection
EndGlobal
